
Microsoft Visual Studio Solution File, Format Version 12.00
# Visual Studio Version 16
VisualStudioVersion = 16.0.29609.76
MinimumVisualStudioVersion = 10.0.40219.1
Project("{FAE04EC0-301F-11D3-BF4B-00C04F79EFBC}") = "DropEmptyFolder.ConApp", "DropEmptyFolder.ConApp\DropEmptyFolder.ConApp.csproj", "{4B81E8A7-8B57-459B-AB36-77897A7AA53A}"
EndProject
Global
	GlobalSection(SolutionConfigurationPlatforms) = preSolution
		Debug|Any CPU = Debug|Any CPU
		Release|Any CPU = Release|Any CPU
	EndGlobalSection
	GlobalSection(ProjectConfigurationPlatforms) = postSolution
		{4B81E8A7-8B57-459B-AB36-77897A7AA53A}.Debug|Any CPU.ActiveCfg = Debug|Any CPU
		{4B81E8A7-8B57-459B-AB36-77897A7AA53A}.Debug|Any CPU.Build.0 = Debug|Any CPU
		{4B81E8A7-8B57-459B-AB36-77897A7AA53A}.Release|Any CPU.ActiveCfg = Release|Any CPU
		{4B81E8A7-8B57-459B-AB36-77897A7AA53A}.Release|Any CPU.Build.0 = Release|Any CPU
	EndGlobalSection
	GlobalSection(SolutionProperties) = preSolution
		HideSolutionNode = FALSE
	EndGlobalSection
	GlobalSection(ExtensibilityGlobals) = postSolution
		SolutionGuid = {B132311F-00D8-425A-88A5-C9074AC75B34}
	EndGlobalSection
EndGlobal
