
Microsoft Visual Studio Solution File, Format Version 12.00
# Visual Studio Version 16
VisualStudioVersion = 16.0.29609.76
MinimumVisualStudioVersion = 10.0.40219.1
Project("{9A19103F-16F7-4668-BE54-9A1E7A4F7556}") = "DevelopCommon", "DevelopCommon\DevelopCommon.csproj", "{ADC1E87D-9338-4CBD-A11B-5D3CA15F573A}"
EndProject
Project("{9A19103F-16F7-4668-BE54-9A1E7A4F7556}") = "MdTranslator.ConApp", "MdTranslator\MdTranslator.ConApp\MdTranslator.ConApp.csproj", "{05A7172C-8390-4362-B1F1-0BD0996B64F6}"
EndProject
Project("{9A19103F-16F7-4668-BE54-9A1E7A4F7556}") = "BaseCodeCopier.ConApp", "BaseCodeCopier\BaseCodeCopier.ConApp\BaseCodeCopier.ConApp.csproj", "{B109247E-27B8-43B0-802E-7257991551E0}"
EndProject
Project("{9A19103F-16F7-4668-BE54-9A1E7A4F7556}") = "DropEmptyFolder.ConApp", "DropEmptyFolder\DropEmptyFolder.ConApp\DropEmptyFolder.ConApp.csproj", "{DF4AF02E-E2D7-401C-B361-87EBB71773F5}"
EndProject
Project("{9A19103F-16F7-4668-BE54-9A1E7A4F7556}") = "SolutionCopier.ConApp", "SolutionCopier.ConApp\SolutionCopier.ConApp.csproj", "{A04661F5-835F-45B8-AEB0-8C02ACDACC7B}"
EndProject
Project("{9A19103F-16F7-4668-BE54-9A1E7A4F7556}") = "BuildDockerfile.ConApp", "BuildDockerfile.ConApp\BuildDockerfile.ConApp.csproj", "{BE7C9A7E-60FD-4BE1-8E27-94EBD2A716DD}"
EndProject
Project("{9A19103F-16F7-4668-BE54-9A1E7A4F7556}") = "BaseCodeAdjustment", "BaseCodeAdjustment\BaseCodeAdjustment.csproj", "{3F0A1C9F-B541-4343-B6F7-A0A35CCA4631}"
EndProject
Project("{9A19103F-16F7-4668-BE54-9A1E7A4F7556}") = "Watcher.Contracts", "Watcher.Contracts\Watcher.Contracts.csproj", "{8E9C9390-1F8C-4351-9CE9-509A2308E08D}"
EndProject
Project("{9A19103F-16F7-4668-BE54-9A1E7A4F7556}") = "Watcher.Logic", "Watcher.Logic\Watcher.Logic.csproj", "{918EA07A-A691-4EF0-A96D-525D1A7A22C9}"
EndProject
Project("{9A19103F-16F7-4668-BE54-9A1E7A4F7556}") = "PathSynchronizer.ConApp", "PathSynchronizer.ConApp\PathSynchronizer.ConApp.csproj", "{D28CDC67-8D26-42A9-B3E3-45E987EED98E}"
EndProject
Project("{9A19103F-16F7-4668-BE54-9A1E7A4F7556}") = "FileService.Contracts", "FileService.Contracts\FileService.Contracts.csproj", "{EE89B037-71FF-48C9-8F41-6E993B4622E1}"
EndProject
Project("{9A19103F-16F7-4668-BE54-9A1E7A4F7556}") = "FileService.Logic", "FileService.Logic\FileService.Logic.csproj", "{7D6429B0-F5C3-4E01-95B7-CD3A0C7EBBC3}"
EndProject
Project("{FAE04EC0-301F-11D3-BF4B-00C04F79EFBC}") = "QnSBaseCodeAdjustment.ConApp", "QnSBaseCodeAdjustment.ConApp\QnSBaseCodeAdjustment.ConApp.csproj", "{D2BAF5B7-0025-461E-BEFD-1EAE0D01E9DF}"
EndProject
Project("{FAE04EC0-301F-11D3-BF4B-00C04F79EFBC}") = "QnSGeneratedCodeDeleter.ConApp", "QnSGeneratedCodeDeleter.ConApp\QnSGeneratedCodeDeleter.ConApp.csproj", "{B4FE814C-75E9-49A6-92B9-384151C72C38}"
EndProject
Project("{FAE04EC0-301F-11D3-BF4B-00C04F79EFBC}") = "QnSSolutionCopier.ConApp", "QnSSolutionCopier.ConApp\QnSSolutionCopier.ConApp.csproj", "{9FC0A75E-3194-44C1-8291-254793AA63F7}"
EndProject
Global
	GlobalSection(SolutionConfigurationPlatforms) = preSolution
		Debug|Any CPU = Debug|Any CPU
		Release|Any CPU = Release|Any CPU
	EndGlobalSection
	GlobalSection(ProjectConfigurationPlatforms) = postSolution
		{ADC1E87D-9338-4CBD-A11B-5D3CA15F573A}.Debug|Any CPU.ActiveCfg = Debug|Any CPU
		{ADC1E87D-9338-4CBD-A11B-5D3CA15F573A}.Debug|Any CPU.Build.0 = Debug|Any CPU
		{ADC1E87D-9338-4CBD-A11B-5D3CA15F573A}.Release|Any CPU.ActiveCfg = Release|Any CPU
		{ADC1E87D-9338-4CBD-A11B-5D3CA15F573A}.Release|Any CPU.Build.0 = Release|Any CPU
		{05A7172C-8390-4362-B1F1-0BD0996B64F6}.Debug|Any CPU.ActiveCfg = Debug|Any CPU
		{05A7172C-8390-4362-B1F1-0BD0996B64F6}.Debug|Any CPU.Build.0 = Debug|Any CPU
		{05A7172C-8390-4362-B1F1-0BD0996B64F6}.Release|Any CPU.ActiveCfg = Release|Any CPU
		{05A7172C-8390-4362-B1F1-0BD0996B64F6}.Release|Any CPU.Build.0 = Release|Any CPU
		{B109247E-27B8-43B0-802E-7257991551E0}.Debug|Any CPU.ActiveCfg = Debug|Any CPU
		{B109247E-27B8-43B0-802E-7257991551E0}.Debug|Any CPU.Build.0 = Debug|Any CPU
		{B109247E-27B8-43B0-802E-7257991551E0}.Release|Any CPU.ActiveCfg = Release|Any CPU
		{B109247E-27B8-43B0-802E-7257991551E0}.Release|Any CPU.Build.0 = Release|Any CPU
		{DF4AF02E-E2D7-401C-B361-87EBB71773F5}.Debug|Any CPU.ActiveCfg = Debug|Any CPU
		{DF4AF02E-E2D7-401C-B361-87EBB71773F5}.Debug|Any CPU.Build.0 = Debug|Any CPU
		{DF4AF02E-E2D7-401C-B361-87EBB71773F5}.Release|Any CPU.ActiveCfg = Release|Any CPU
		{DF4AF02E-E2D7-401C-B361-87EBB71773F5}.Release|Any CPU.Build.0 = Release|Any CPU
		{A04661F5-835F-45B8-AEB0-8C02ACDACC7B}.Debug|Any CPU.ActiveCfg = Debug|Any CPU
		{A04661F5-835F-45B8-AEB0-8C02ACDACC7B}.Debug|Any CPU.Build.0 = Debug|Any CPU
		{A04661F5-835F-45B8-AEB0-8C02ACDACC7B}.Release|Any CPU.ActiveCfg = Release|Any CPU
		{A04661F5-835F-45B8-AEB0-8C02ACDACC7B}.Release|Any CPU.Build.0 = Release|Any CPU
		{BE7C9A7E-60FD-4BE1-8E27-94EBD2A716DD}.Debug|Any CPU.ActiveCfg = Debug|Any CPU
		{BE7C9A7E-60FD-4BE1-8E27-94EBD2A716DD}.Debug|Any CPU.Build.0 = Debug|Any CPU
		{BE7C9A7E-60FD-4BE1-8E27-94EBD2A716DD}.Release|Any CPU.ActiveCfg = Release|Any CPU
		{BE7C9A7E-60FD-4BE1-8E27-94EBD2A716DD}.Release|Any CPU.Build.0 = Release|Any CPU
		{3F0A1C9F-B541-4343-B6F7-A0A35CCA4631}.Debug|Any CPU.ActiveCfg = Debug|Any CPU
		{3F0A1C9F-B541-4343-B6F7-A0A35CCA4631}.Debug|Any CPU.Build.0 = Debug|Any CPU
		{3F0A1C9F-B541-4343-B6F7-A0A35CCA4631}.Release|Any CPU.ActiveCfg = Release|Any CPU
		{3F0A1C9F-B541-4343-B6F7-A0A35CCA4631}.Release|Any CPU.Build.0 = Release|Any CPU
		{8E9C9390-1F8C-4351-9CE9-509A2308E08D}.Debug|Any CPU.ActiveCfg = Debug|Any CPU
		{8E9C9390-1F8C-4351-9CE9-509A2308E08D}.Debug|Any CPU.Build.0 = Debug|Any CPU
		{8E9C9390-1F8C-4351-9CE9-509A2308E08D}.Release|Any CPU.ActiveCfg = Release|Any CPU
		{8E9C9390-1F8C-4351-9CE9-509A2308E08D}.Release|Any CPU.Build.0 = Release|Any CPU
		{918EA07A-A691-4EF0-A96D-525D1A7A22C9}.Debug|Any CPU.ActiveCfg = Debug|Any CPU
		{918EA07A-A691-4EF0-A96D-525D1A7A22C9}.Debug|Any CPU.Build.0 = Debug|Any CPU
		{918EA07A-A691-4EF0-A96D-525D1A7A22C9}.Release|Any CPU.ActiveCfg = Release|Any CPU
		{918EA07A-A691-4EF0-A96D-525D1A7A22C9}.Release|Any CPU.Build.0 = Release|Any CPU
		{D28CDC67-8D26-42A9-B3E3-45E987EED98E}.Debug|Any CPU.ActiveCfg = Debug|Any CPU
		{D28CDC67-8D26-42A9-B3E3-45E987EED98E}.Debug|Any CPU.Build.0 = Debug|Any CPU
		{D28CDC67-8D26-42A9-B3E3-45E987EED98E}.Release|Any CPU.ActiveCfg = Release|Any CPU
		{D28CDC67-8D26-42A9-B3E3-45E987EED98E}.Release|Any CPU.Build.0 = Release|Any CPU
		{EE89B037-71FF-48C9-8F41-6E993B4622E1}.Debug|Any CPU.ActiveCfg = Debug|Any CPU
		{EE89B037-71FF-48C9-8F41-6E993B4622E1}.Debug|Any CPU.Build.0 = Debug|Any CPU
		{EE89B037-71FF-48C9-8F41-6E993B4622E1}.Release|Any CPU.ActiveCfg = Release|Any CPU
		{EE89B037-71FF-48C9-8F41-6E993B4622E1}.Release|Any CPU.Build.0 = Release|Any CPU
		{7D6429B0-F5C3-4E01-95B7-CD3A0C7EBBC3}.Debug|Any CPU.ActiveCfg = Debug|Any CPU
		{7D6429B0-F5C3-4E01-95B7-CD3A0C7EBBC3}.Debug|Any CPU.Build.0 = Debug|Any CPU
		{7D6429B0-F5C3-4E01-95B7-CD3A0C7EBBC3}.Release|Any CPU.ActiveCfg = Release|Any CPU
		{7D6429B0-F5C3-4E01-95B7-CD3A0C7EBBC3}.Release|Any CPU.Build.0 = Release|Any CPU
		{D2BAF5B7-0025-461E-BEFD-1EAE0D01E9DF}.Debug|Any CPU.ActiveCfg = Debug|Any CPU
		{D2BAF5B7-0025-461E-BEFD-1EAE0D01E9DF}.Debug|Any CPU.Build.0 = Debug|Any CPU
		{D2BAF5B7-0025-461E-BEFD-1EAE0D01E9DF}.Release|Any CPU.ActiveCfg = Release|Any CPU
		{D2BAF5B7-0025-461E-BEFD-1EAE0D01E9DF}.Release|Any CPU.Build.0 = Release|Any CPU
		{B4FE814C-75E9-49A6-92B9-384151C72C38}.Debug|Any CPU.ActiveCfg = Debug|Any CPU
		{B4FE814C-75E9-49A6-92B9-384151C72C38}.Debug|Any CPU.Build.0 = Debug|Any CPU
		{B4FE814C-75E9-49A6-92B9-384151C72C38}.Release|Any CPU.ActiveCfg = Release|Any CPU
		{B4FE814C-75E9-49A6-92B9-384151C72C38}.Release|Any CPU.Build.0 = Release|Any CPU
		{9FC0A75E-3194-44C1-8291-254793AA63F7}.Debug|Any CPU.ActiveCfg = Debug|Any CPU
		{9FC0A75E-3194-44C1-8291-254793AA63F7}.Debug|Any CPU.Build.0 = Debug|Any CPU
		{9FC0A75E-3194-44C1-8291-254793AA63F7}.Release|Any CPU.ActiveCfg = Release|Any CPU
		{9FC0A75E-3194-44C1-8291-254793AA63F7}.Release|Any CPU.Build.0 = Release|Any CPU
	EndGlobalSection
	GlobalSection(SolutionProperties) = preSolution
		HideSolutionNode = FALSE
	EndGlobalSection
	GlobalSection(ExtensibilityGlobals) = postSolution
		SolutionGuid = {AD344E87-F5F1-4117-9348-96E2519C16C4}
	EndGlobalSection
EndGlobal
