
Microsoft Visual Studio Solution File, Format Version 12.00
# Visual Studio Version 16
VisualStudioVersion = 16.0.29609.76
MinimumVisualStudioVersion = 10.0.40219.1
Project("{9A19103F-16F7-4668-BE54-9A1E7A4F7556}") = "DevelopCommon", "..\DevelopCommon\DevelopCommon.csproj", "{4986DA64-DF32-4B13-AFD4-4ADC538AF46A}"
EndProject
Project("{9A19103F-16F7-4668-BE54-9A1E7A4F7556}") = "MdTranslator.ConApp", "MdTranslator.ConApp\MdTranslator.ConApp.csproj", "{D265F0A8-CFB3-4040-AE37-2BB7C21D603F}"
EndProject
Global
	GlobalSection(SolutionConfigurationPlatforms) = preSolution
		Debug|Any CPU = Debug|Any CPU
		Release|Any CPU = Release|Any CPU
	EndGlobalSection
	GlobalSection(ProjectConfigurationPlatforms) = postSolution
		{4986DA64-DF32-4B13-AFD4-4ADC538AF46A}.Debug|Any CPU.ActiveCfg = Debug|Any CPU
		{4986DA64-DF32-4B13-AFD4-4ADC538AF46A}.Debug|Any CPU.Build.0 = Debug|Any CPU
		{4986DA64-DF32-4B13-AFD4-4ADC538AF46A}.Release|Any CPU.ActiveCfg = Release|Any CPU
		{4986DA64-DF32-4B13-AFD4-4ADC538AF46A}.Release|Any CPU.Build.0 = Release|Any CPU
		{D265F0A8-CFB3-4040-AE37-2BB7C21D603F}.Debug|Any CPU.ActiveCfg = Debug|Any CPU
		{D265F0A8-CFB3-4040-AE37-2BB7C21D603F}.Debug|Any CPU.Build.0 = Debug|Any CPU
		{D265F0A8-CFB3-4040-AE37-2BB7C21D603F}.Release|Any CPU.ActiveCfg = Release|Any CPU
		{D265F0A8-CFB3-4040-AE37-2BB7C21D603F}.Release|Any CPU.Build.0 = Release|Any CPU
	EndGlobalSection
	GlobalSection(SolutionProperties) = preSolution
		HideSolutionNode = FALSE
	EndGlobalSection
	GlobalSection(ExtensibilityGlobals) = postSolution
		SolutionGuid = {AD344E87-F5F1-4117-9348-96E2519C16C4}
	EndGlobalSection
EndGlobal
